
Microsoft Visual Studio Solution File, Format Version 12.00
# Visual Studio Version 16
VisualStudioVersion = 16.0.33529.622
MinimumVisualStudioVersion = 10.0.40219.1
Project("{FAE04EC0-301F-11D3-BF4B-00C04F79EFBC}") = "Beca.Music.API", "Beca.Music.API\Beca.Music.API.csproj", "{D4578F38-EB33-4432-8450-84F3D23B3670}"
EndProject
Global
	GlobalSection(SolutionConfigurationPlatforms) = preSolution
		Debug|Any CPU = Debug|Any CPU
		Release|Any CPU = Release|Any CPU
	EndGlobalSection
	GlobalSection(ProjectConfigurationPlatforms) = postSolution
		{D4578F38-EB33-4432-8450-84F3D23B3670}.Debug|Any CPU.ActiveCfg = Debug|Any CPU
		{D4578F38-EB33-4432-8450-84F3D23B3670}.Debug|Any CPU.Build.0 = Debug|Any CPU
		{D4578F38-EB33-4432-8450-84F3D23B3670}.Release|Any CPU.ActiveCfg = Release|Any CPU
		{D4578F38-EB33-4432-8450-84F3D23B3670}.Release|Any CPU.Build.0 = Release|Any CPU
	EndGlobalSection
	GlobalSection(SolutionProperties) = preSolution
		HideSolutionNode = FALSE
	EndGlobalSection
	GlobalSection(ExtensibilityGlobals) = postSolution
		SolutionGuid = {ABF79716-A786-42D4-91D5-94D55AF1BC90}
	EndGlobalSection
EndGlobal
